
Microsoft Visual Studio Solution File, Format Version 12.00
# Visual Studio Version 17
VisualStudioVersion = 17.9.34723.18
MinimumVisualStudioVersion = 10.0.40219.1
Project("{FAE04EC0-301F-11D3-BF4B-00C04F79EFBC}") = "Turn_Based_Combat", "Turn_Based_Combat.csproj", "{6C99E7B0-4FE9-4B8E-B0CB-6D985611BFAC}"
EndProject
Global
	GlobalSection(SolutionConfigurationPlatforms) = preSolution
		Debug|Any CPU = Debug|Any CPU
		Release|Any CPU = Release|Any CPU
	EndGlobalSection
	GlobalSection(ProjectConfigurationPlatforms) = postSolution
		{6C99E7B0-4FE9-4B8E-B0CB-6D985611BFAC}.Debug|Any CPU.ActiveCfg = Debug|Any CPU
		{6C99E7B0-4FE9-4B8E-B0CB-6D985611BFAC}.Debug|Any CPU.Build.0 = Debug|Any CPU
		{6C99E7B0-4FE9-4B8E-B0CB-6D985611BFAC}.Release|Any CPU.ActiveCfg = Release|Any CPU
		{6C99E7B0-4FE9-4B8E-B0CB-6D985611BFAC}.Release|Any CPU.Build.0 = Release|Any CPU
	EndGlobalSection
	GlobalSection(SolutionProperties) = preSolution
		HideSolutionNode = FALSE
	EndGlobalSection
	GlobalSection(ExtensibilityGlobals) = postSolution
		SolutionGuid = {977AE510-FC62-4771-ACB0-61E9968BDDC2}
	EndGlobalSection
EndGlobal
